{"1.2.0",
[{<<"aebytecode">>,
  {git,"https://github.com/aeternity/aebytecode.git",
       {ref,"3446cd3df6d0a2592f331999fe518f3ee083d4c1"}},
  0},
 {<<"aeserialization">>,
  {git,"https://github.com/aeternity/aeserialization.git",
       {ref,"eb68fe331bd476910394966b7f5ede7a74d37e35"}},
  0},
 {<<"aesophia">>,
  {git,"https://github.com/aeternity/aesophia.git",
       {ref,"788f7578b41f8e61decdd5b39c931a1910662f92"}},
  0},
 {<<"app_ctrl">>,
  {git,"https://github.com/aeternity/app_ctrl.git",
       {ref,"c1fb92758ab7add4489837eff3a7d5d44b925dd2"}},
  0},
 {<<"base58">>,
  {git,"https://github.com/aeternity/erl-base58.git",
       {ref,"60a335668a60328a29f9731b67c4a0e9e3d50ab6"}},
  0},
 {<<"eblake2">>,{pkg,<<"eblake2">>,<<"1.0.0">>},1},
 {<<"enacl">>,
  {git,"https://github.com/aeternity/enacl.git",
       {ref,"67fceef42c0d055570f2e67b571f8d1f8de2f204"}},
  0},
 {<<"getopt">>,{pkg,<<"getopt">>,<<"1.0.1">>},1},
 {<<"goldrush">>,{pkg,<<"goldrush">>,<<"0.1.9">>},1},
 {<<"gproc">>,{pkg,<<"gproc">>,<<"0.9.0">>},1},
 {<<"hex2bin">>,{pkg,<<"hex2bin">>,<<"1.0.0">>},1},
 {<<"jsx">>,
  {git,"https://github.com/talentdeficit/jsx.git",
       {ref,"3074d4865b3385a050badf7828ad31490d860df5"}},
  0},
 {<<"lager">>,
  {git,"https://github.com/erlang-lager/lager.git",
       {ref,"fae53399253da622afde3bf5fb5ff124b7d887fa"}},
  0},
 {<<"setup">>,{pkg,<<"setup">>,<<"2.1.0">>},1},
 {<<"sha3">>,
  {git,"https://github.com/aeternity/erlang-sha3",
       {ref,"b5f27a29ba1179e5907c50d7ec7aa79b2857e981"}},
  0}]}.
[
{pkg_hash,[
 {<<"eblake2">>, <<"EC8AD20E438AAB3F2E8D5D118C366A0754219195F8A0F536587440F8F9BCF2EF">>},
 {<<"getopt">>, <<"C73A9FA687B217F2FF79F68A3B637711BB1936E712B521D8CE466B29CBF7808A">>},
 {<<"goldrush">>, <<"F06E5D5F1277DA5C413E84D5A2924174182FB108DABB39D5EC548B27424CD106">>},
 {<<"gproc">>, <<"853CCB7805E9ADA25D227A157BA966F7B34508F386A3E7E21992B1B484230699">>},
 {<<"hex2bin">>, <<"AAC26EAB998AE80EACEE1C7607C629AB503EBF77A62B9242BAE2B94D47DCB71E">>},
 {<<"setup">>, <<"05F69185A5EB71474C9BC6BA892565651EC7507791F85632B7B914DBFE130510">>}]},
{pkg_hash_ext,[
 {<<"eblake2">>, <<"3C4D300A91845B25D501929A26AC2E6F7157480846FAB2347A4C11AE52E08A99">>},
 {<<"getopt">>, <<"53E1AB83B9CEB65C9672D3E7A35B8092E9BDC9B3EE80721471A161C10C59959C">>},
 {<<"goldrush">>, <<"99CB4128CFFCB3227581E5D4D803D5413FA643F4EB96523F77D9E6937D994CEB">>},
 {<<"gproc">>, <<"587E8AF698CCD3504CF4BA8D90F893EDE2B0F58CABB8A916E2BF9321DE3CF10B">>},
 {<<"hex2bin">>, <<"E7012D1D9AADD26E680F0983D26FB8923707F05FAC9688F19F530FA3795E716F">>},
 {<<"setup">>, <<"EFD072578F0CF85BEA96CAAFFC7ADB0992398272522660A136E10567377071C5">>}]}
].
